
Microsoft Visual Studio Solution File, Format Version 12.00
# Visual Studio Version 17
VisualStudioVersion = 17.0.31903.59
MinimumVisualStudioVersion = 10.0.40219.1
Project("{2150E333-8FDC-42A3-9474-1A3956D46DE8}") = "src", "src", "{BFF5A8B8-469B-4A03-B2D1-47F1EEC946E9}"
EndProject
Project("{FAE04EC0-301F-11D3-BF4B-00C04F79EFBC}") = "BookingAStay", "src\BookingAStay\BookingAStay.csproj", "{F61C3618-01EA-4E5D-BCFD-CD8D5063F45F}"
EndProject
Project("{2150E333-8FDC-42A3-9474-1A3956D46DE8}") = "tests", "tests", "{74E36245-2202-4E07-9DEF-72C0254013E6}"
EndProject
Project("{FAE04EC0-301F-11D3-BF4B-00C04F79EFBC}") = "BookingAStay.Tests", "tests\BookingAStay.Tests\BookingAStay.Tests.csproj", "{574D6AC9-4D81-43A8-9157-1D244BD63D66}"
EndProject
Global
	GlobalSection(SolutionConfigurationPlatforms) = preSolution
		Debug|Any CPU = Debug|Any CPU
		Release|Any CPU = Release|Any CPU
	EndGlobalSection
	GlobalSection(SolutionProperties) = preSolution
		HideSolutionNode = FALSE
	EndGlobalSection
	GlobalSection(ProjectConfigurationPlatforms) = postSolution
		{F61C3618-01EA-4E5D-BCFD-CD8D5063F45F}.Debug|Any CPU.ActiveCfg = Debug|Any CPU
		{F61C3618-01EA-4E5D-BCFD-CD8D5063F45F}.Debug|Any CPU.Build.0 = Debug|Any CPU
		{F61C3618-01EA-4E5D-BCFD-CD8D5063F45F}.Release|Any CPU.ActiveCfg = Release|Any CPU
		{F61C3618-01EA-4E5D-BCFD-CD8D5063F45F}.Release|Any CPU.Build.0 = Release|Any CPU
		{574D6AC9-4D81-43A8-9157-1D244BD63D66}.Debug|Any CPU.ActiveCfg = Debug|Any CPU
		{574D6AC9-4D81-43A8-9157-1D244BD63D66}.Debug|Any CPU.Build.0 = Debug|Any CPU
		{574D6AC9-4D81-43A8-9157-1D244BD63D66}.Release|Any CPU.ActiveCfg = Release|Any CPU
		{574D6AC9-4D81-43A8-9157-1D244BD63D66}.Release|Any CPU.Build.0 = Release|Any CPU
	EndGlobalSection
	GlobalSection(NestedProjects) = preSolution
		{F61C3618-01EA-4E5D-BCFD-CD8D5063F45F} = {BFF5A8B8-469B-4A03-B2D1-47F1EEC946E9}
		{574D6AC9-4D81-43A8-9157-1D244BD63D66} = {74E36245-2202-4E07-9DEF-72C0254013E6}
	EndGlobalSection
EndGlobal
